{
  "requires": true,
  "lockfileVersion": 1,
  "dependencies": {
    "base62": {
      "version": "2.0.1",
      "resolved": "https://registry.npmjs.org/base62/-/base62-2.0.1.tgz",
      "integrity": "sha512-4t4WQK7mdbcWzqEBiq6tfo2qDCeIZGXvjifJZyxHIVcjQkZJxpFtu/pa2Va69OouCkg6izZ08hKnPxroeDyzew=="
    }
  }
}
